
Microsoft Visual Studio Solution File, Format Version 12.00
# Visual Studio Version 17
VisualStudioVersion = 17.12.35707.178
MinimumVisualStudioVersion = 10.0.40219.1
Project("{2150E333-8FDC-42A3-9474-1A3956D46DE8}") = "ApiGateways", "ApiGateways", "{7A14ECC6-FE31-45F5-8D09-892A92CA2A78}"
EndProject
Project("{2150E333-8FDC-42A3-9474-1A3956D46DE8}") = "Building Blocks", "Building Blocks", "{59344247-0EB0-4B53-AEC1-C1EC43ED360F}"
EndProject
Project("{2150E333-8FDC-42A3-9474-1A3956D46DE8}") = "Services", "Services", "{B82E46C5-1DF6-4F8F-B214-F4A01CD2CE5D}"
EndProject
Project("{2150E333-8FDC-42A3-9474-1A3956D46DE8}") = "Carts", "Carts", "{F1EAE945-DA5D-4F35-ADF7-47FC5BB4B9B1}"
EndProject
Project("{2150E333-8FDC-42A3-9474-1A3956D46DE8}") = "Sales", "Sales", "{3276A965-4DFD-473C-BFC5-8BD78F03774C}"
EndProject
Project("{2150E333-8FDC-42A3-9474-1A3956D46DE8}") = "Products", "Products", "{99FFAA68-05CC-4C56-91C1-DD39FB3FE234}"
EndProject
Project("{2150E333-8FDC-42A3-9474-1A3956D46DE8}") = "Users", "Users", "{03D5FA16-110B-4738-9BBC-DC9E932A6BB5}"
EndProject
Project("{2150E333-8FDC-42A3-9474-1A3956D46DE8}") = "Auth", "Auth", "{54A283AF-A062-40F3-A750-E2E3FDCC1A46}"
EndProject
Project("{FAE04EC0-301F-11D3-BF4B-00C04F79EFBC}") = "DevStore.Users.Api", "src\services\users\DevStore.Users.Api\DevStore.Users.Api.csproj", "{57AC77E2-D84C-43C7-A319-E7640764B3EB}"
EndProject
Project("{FAE04EC0-301F-11D3-BF4B-00C04F79EFBC}") = "DevStore.Users.Domain", "src\services\users\DevStore.Users.Domain\DevStore.Users.Domain.csproj", "{588EE4AA-D768-48A8-8FFD-E3A87892B4AF}"
EndProject
Project("{FAE04EC0-301F-11D3-BF4B-00C04F79EFBC}") = "DevStore.Sales.Api", "src\services\sales\DevStore.Sales.Api\DevStore.Sales.Api.csproj", "{3E8B6F20-F975-48E7-AFB5-2452ABE84AE6}"
EndProject
Project("{FAE04EC0-301F-11D3-BF4B-00C04F79EFBC}") = "DevStore.Sales.Domain", "src\services\sales\DevStore.Sales.Domain\DevStore.Sales.Domain.csproj", "{B7109640-7582-450E-82E0-8C83341BF526}"
EndProject
Project("{FAE04EC0-301F-11D3-BF4B-00C04F79EFBC}") = "DevStore.Products.Domain", "src\services\products\DevStore.Products.Domain\DevStore.Products.Domain.csproj", "{85475B0C-14CE-468F-837D-92329CE39DC8}"
EndProject
Project("{FAE04EC0-301F-11D3-BF4B-00C04F79EFBC}") = "DevStore.Products.Api", "src\services\products\DevStore.Products.Api\DevStore.Products.Api.csproj", "{B27857E1-F303-4547-A151-F851BF6BFD75}"
EndProject
Project("{FAE04EC0-301F-11D3-BF4B-00C04F79EFBC}") = "DevStore.Carts.Domain", "src\services\carts\DevStore.Carts.Domain\DevStore.Carts.Domain.csproj", "{DD7CEC12-3486-4964-8F79-C68790C83664}"
EndProject
Project("{FAE04EC0-301F-11D3-BF4B-00C04F79EFBC}") = "DevStore.Carts.Api", "src\services\carts\DevStore.Carts.Api\DevStore.Carts.Api.csproj", "{5A8C1A27-0EC3-43A2-A1B6-F8BB992FC441}"
EndProject
Project("{FAE04EC0-301F-11D3-BF4B-00C04F79EFBC}") = "DevStore.Core", "src\building-blocks\DevStore.Core\DevStore.Core.csproj", "{CB972A6F-779F-48ED-834D-81E8493624D2}"
EndProject
Project("{FAE04EC0-301F-11D3-BF4B-00C04F79EFBC}") = "DevStore.Users.Infrastructure", "src\services\users\DevStore.Users.Infrastructure\DevStore.Users.Infrastructure.csproj", "{A1EBD0E8-EA6D-4F92-A7A0-81B1FDA79AB6}"
EndProject
Project("{FAE04EC0-301F-11D3-BF4B-00C04F79EFBC}") = "DevStore.Sales.Infrastructure", "src\services\sales\DevStore.Sales.Infrastructure\DevStore.Sales.Infrastructure.csproj", "{96585F8C-CDB5-4061-8FF2-51B6B81197C3}"
EndProject
Project("{FAE04EC0-301F-11D3-BF4B-00C04F79EFBC}") = "DevStore.Products.Infrastructure", "src\services\products\DevStore.Products.Infrastructure\DevStore.Products.Infrastructure.csproj", "{715E07B1-F62C-48E4-A76B-846141A4BDFB}"
EndProject
Project("{FAE04EC0-301F-11D3-BF4B-00C04F79EFBC}") = "DevStore.Carts.Infrastructure", "src\services\carts\DevStore.Carts.Infrastructure\DevStore.Carts.Infrastructure.csproj", "{2B14A01E-4F54-4445-8E73-7B4ADF196EB5}"
EndProject
Project("{FAE04EC0-301F-11D3-BF4B-00C04F79EFBC}") = "DevStore.Db.Postgre", "src\building-blocks\DevStore.Db.Postgre\DevStore.Db.Postgre.csproj", "{3035B702-EC1F-43A9-9B5B-F7360CA02324}"
EndProject
Project("{FAE04EC0-301F-11D3-BF4B-00C04F79EFBC}") = "DevStore.Users.Application", "src\services\users\DevStore.Users.Application\DevStore.Users.Application.csproj", "{B1379AB8-BAD4-425E-8966-3AF2EEBCE25A}"
EndProject
Project("{FAE04EC0-301F-11D3-BF4B-00C04F79EFBC}") = "DevStore.Api.Core", "src\building-blocks\DevStore.Api.Core\DevStore.Api.Core.csproj", "{03F947D3-0A9A-4699-B77B-979802667BEF}"
EndProject
Project("{FAE04EC0-301F-11D3-BF4B-00C04F79EFBC}") = "DevStore.Application.Core", "src\building-blocks\DevStore.Application.Core\DevStore.Application.Core.csproj", "{BE1119A8-1AA1-4E4B-81F8-61DF0BF2C1E0}"
EndProject
Project("{FAE04EC0-301F-11D3-BF4B-00C04F79EFBC}") = "DevStore.Sales.Application", "src\services\sales\DevStore.Sales.Application\DevStore.Sales.Application.csproj", "{A48960A5-B810-4399-8560-5496F1F2AC1A}"
EndProject
Project("{FAE04EC0-301F-11D3-BF4B-00C04F79EFBC}") = "DevStore.Products.Application", "src\services\products\DevStore.Products.Application\DevStore.Products.Application.csproj", "{81050CAC-28D0-4FB5-8919-9EA25F4ABDED}"
EndProject
Project("{FAE04EC0-301F-11D3-BF4B-00C04F79EFBC}") = "DevStore.Carts.Application", "src\services\carts\DevStore.Carts.Application\DevStore.Carts.Application.csproj", "{4E027FFA-2108-480C-BDA1-66DC7782386C}"
EndProject
Project("{FAE04EC0-301F-11D3-BF4B-00C04F79EFBC}") = "DevStore.Auth.Application", "src\services\auth\DevStore.Auth.Application\DevStore.Auth.Application.csproj", "{4A258F57-0799-411E-8B6E-467C0EB499E0}"
EndProject
Project("{FAE04EC0-301F-11D3-BF4B-00C04F79EFBC}") = "DevStore.Auth.Api", "src\services\auth\DevStore.Auth.Api\DevStore.Auth.Api.csproj", "{834CD7BF-0EFD-41C5-9553-7D6C8554983A}"
EndProject
Global
	GlobalSection(SolutionConfigurationPlatforms) = preSolution
		Debug|Any CPU = Debug|Any CPU
		Release|Any CPU = Release|Any CPU
	EndGlobalSection
	GlobalSection(ProjectConfigurationPlatforms) = postSolution
		{57AC77E2-D84C-43C7-A319-E7640764B3EB}.Debug|Any CPU.ActiveCfg = Debug|Any CPU
		{57AC77E2-D84C-43C7-A319-E7640764B3EB}.Debug|Any CPU.Build.0 = Debug|Any CPU
		{57AC77E2-D84C-43C7-A319-E7640764B3EB}.Release|Any CPU.ActiveCfg = Release|Any CPU
		{57AC77E2-D84C-43C7-A319-E7640764B3EB}.Release|Any CPU.Build.0 = Release|Any CPU
		{588EE4AA-D768-48A8-8FFD-E3A87892B4AF}.Debug|Any CPU.ActiveCfg = Debug|Any CPU
		{588EE4AA-D768-48A8-8FFD-E3A87892B4AF}.Debug|Any CPU.Build.0 = Debug|Any CPU
		{588EE4AA-D768-48A8-8FFD-E3A87892B4AF}.Release|Any CPU.ActiveCfg = Release|Any CPU
		{588EE4AA-D768-48A8-8FFD-E3A87892B4AF}.Release|Any CPU.Build.0 = Release|Any CPU
		{3E8B6F20-F975-48E7-AFB5-2452ABE84AE6}.Debug|Any CPU.ActiveCfg = Debug|Any CPU
		{3E8B6F20-F975-48E7-AFB5-2452ABE84AE6}.Debug|Any CPU.Build.0 = Debug|Any CPU
		{3E8B6F20-F975-48E7-AFB5-2452ABE84AE6}.Release|Any CPU.ActiveCfg = Release|Any CPU
		{3E8B6F20-F975-48E7-AFB5-2452ABE84AE6}.Release|Any CPU.Build.0 = Release|Any CPU
		{B7109640-7582-450E-82E0-8C83341BF526}.Debug|Any CPU.ActiveCfg = Debug|Any CPU
		{B7109640-7582-450E-82E0-8C83341BF526}.Debug|Any CPU.Build.0 = Debug|Any CPU
		{B7109640-7582-450E-82E0-8C83341BF526}.Release|Any CPU.ActiveCfg = Release|Any CPU
		{B7109640-7582-450E-82E0-8C83341BF526}.Release|Any CPU.Build.0 = Release|Any CPU
		{85475B0C-14CE-468F-837D-92329CE39DC8}.Debug|Any CPU.ActiveCfg = Debug|Any CPU
		{85475B0C-14CE-468F-837D-92329CE39DC8}.Debug|Any CPU.Build.0 = Debug|Any CPU
		{85475B0C-14CE-468F-837D-92329CE39DC8}.Release|Any CPU.ActiveCfg = Release|Any CPU
		{85475B0C-14CE-468F-837D-92329CE39DC8}.Release|Any CPU.Build.0 = Release|Any CPU
		{B27857E1-F303-4547-A151-F851BF6BFD75}.Debug|Any CPU.ActiveCfg = Debug|Any CPU
		{B27857E1-F303-4547-A151-F851BF6BFD75}.Debug|Any CPU.Build.0 = Debug|Any CPU
		{B27857E1-F303-4547-A151-F851BF6BFD75}.Release|Any CPU.ActiveCfg = Release|Any CPU
		{B27857E1-F303-4547-A151-F851BF6BFD75}.Release|Any CPU.Build.0 = Release|Any CPU
		{DD7CEC12-3486-4964-8F79-C68790C83664}.Debug|Any CPU.ActiveCfg = Debug|Any CPU
		{DD7CEC12-3486-4964-8F79-C68790C83664}.Debug|Any CPU.Build.0 = Debug|Any CPU
		{DD7CEC12-3486-4964-8F79-C68790C83664}.Release|Any CPU.ActiveCfg = Release|Any CPU
		{DD7CEC12-3486-4964-8F79-C68790C83664}.Release|Any CPU.Build.0 = Release|Any CPU
		{5A8C1A27-0EC3-43A2-A1B6-F8BB992FC441}.Debug|Any CPU.ActiveCfg = Debug|Any CPU
		{5A8C1A27-0EC3-43A2-A1B6-F8BB992FC441}.Debug|Any CPU.Build.0 = Debug|Any CPU
		{5A8C1A27-0EC3-43A2-A1B6-F8BB992FC441}.Release|Any CPU.ActiveCfg = Release|Any CPU
		{5A8C1A27-0EC3-43A2-A1B6-F8BB992FC441}.Release|Any CPU.Build.0 = Release|Any CPU
		{CB972A6F-779F-48ED-834D-81E8493624D2}.Debug|Any CPU.ActiveCfg = Debug|Any CPU
		{CB972A6F-779F-48ED-834D-81E8493624D2}.Debug|Any CPU.Build.0 = Debug|Any CPU
		{CB972A6F-779F-48ED-834D-81E8493624D2}.Release|Any CPU.ActiveCfg = Release|Any CPU
		{CB972A6F-779F-48ED-834D-81E8493624D2}.Release|Any CPU.Build.0 = Release|Any CPU
		{A1EBD0E8-EA6D-4F92-A7A0-81B1FDA79AB6}.Debug|Any CPU.ActiveCfg = Debug|Any CPU
		{A1EBD0E8-EA6D-4F92-A7A0-81B1FDA79AB6}.Debug|Any CPU.Build.0 = Debug|Any CPU
		{A1EBD0E8-EA6D-4F92-A7A0-81B1FDA79AB6}.Release|Any CPU.ActiveCfg = Release|Any CPU
		{A1EBD0E8-EA6D-4F92-A7A0-81B1FDA79AB6}.Release|Any CPU.Build.0 = Release|Any CPU
		{96585F8C-CDB5-4061-8FF2-51B6B81197C3}.Debug|Any CPU.ActiveCfg = Debug|Any CPU
		{96585F8C-CDB5-4061-8FF2-51B6B81197C3}.Debug|Any CPU.Build.0 = Debug|Any CPU
		{96585F8C-CDB5-4061-8FF2-51B6B81197C3}.Release|Any CPU.ActiveCfg = Release|Any CPU
		{96585F8C-CDB5-4061-8FF2-51B6B81197C3}.Release|Any CPU.Build.0 = Release|Any CPU
		{715E07B1-F62C-48E4-A76B-846141A4BDFB}.Debug|Any CPU.ActiveCfg = Debug|Any CPU
		{715E07B1-F62C-48E4-A76B-846141A4BDFB}.Debug|Any CPU.Build.0 = Debug|Any CPU
		{715E07B1-F62C-48E4-A76B-846141A4BDFB}.Release|Any CPU.ActiveCfg = Release|Any CPU
		{715E07B1-F62C-48E4-A76B-846141A4BDFB}.Release|Any CPU.Build.0 = Release|Any CPU
		{2B14A01E-4F54-4445-8E73-7B4ADF196EB5}.Debug|Any CPU.ActiveCfg = Debug|Any CPU
		{2B14A01E-4F54-4445-8E73-7B4ADF196EB5}.Debug|Any CPU.Build.0 = Debug|Any CPU
		{2B14A01E-4F54-4445-8E73-7B4ADF196EB5}.Release|Any CPU.ActiveCfg = Release|Any CPU
		{2B14A01E-4F54-4445-8E73-7B4ADF196EB5}.Release|Any CPU.Build.0 = Release|Any CPU
		{3035B702-EC1F-43A9-9B5B-F7360CA02324}.Debug|Any CPU.ActiveCfg = Debug|Any CPU
		{3035B702-EC1F-43A9-9B5B-F7360CA02324}.Debug|Any CPU.Build.0 = Debug|Any CPU
		{3035B702-EC1F-43A9-9B5B-F7360CA02324}.Release|Any CPU.ActiveCfg = Release|Any CPU
		{3035B702-EC1F-43A9-9B5B-F7360CA02324}.Release|Any CPU.Build.0 = Release|Any CPU
		{B1379AB8-BAD4-425E-8966-3AF2EEBCE25A}.Debug|Any CPU.ActiveCfg = Debug|Any CPU
		{B1379AB8-BAD4-425E-8966-3AF2EEBCE25A}.Debug|Any CPU.Build.0 = Debug|Any CPU
		{B1379AB8-BAD4-425E-8966-3AF2EEBCE25A}.Release|Any CPU.ActiveCfg = Release|Any CPU
		{B1379AB8-BAD4-425E-8966-3AF2EEBCE25A}.Release|Any CPU.Build.0 = Release|Any CPU
		{03F947D3-0A9A-4699-B77B-979802667BEF}.Debug|Any CPU.ActiveCfg = Debug|Any CPU
		{03F947D3-0A9A-4699-B77B-979802667BEF}.Debug|Any CPU.Build.0 = Debug|Any CPU
		{03F947D3-0A9A-4699-B77B-979802667BEF}.Release|Any CPU.ActiveCfg = Release|Any CPU
		{03F947D3-0A9A-4699-B77B-979802667BEF}.Release|Any CPU.Build.0 = Release|Any CPU
		{BE1119A8-1AA1-4E4B-81F8-61DF0BF2C1E0}.Debug|Any CPU.ActiveCfg = Debug|Any CPU
		{BE1119A8-1AA1-4E4B-81F8-61DF0BF2C1E0}.Debug|Any CPU.Build.0 = Debug|Any CPU
		{BE1119A8-1AA1-4E4B-81F8-61DF0BF2C1E0}.Release|Any CPU.ActiveCfg = Release|Any CPU
		{BE1119A8-1AA1-4E4B-81F8-61DF0BF2C1E0}.Release|Any CPU.Build.0 = Release|Any CPU
		{A48960A5-B810-4399-8560-5496F1F2AC1A}.Debug|Any CPU.ActiveCfg = Debug|Any CPU
		{A48960A5-B810-4399-8560-5496F1F2AC1A}.Debug|Any CPU.Build.0 = Debug|Any CPU
		{A48960A5-B810-4399-8560-5496F1F2AC1A}.Release|Any CPU.ActiveCfg = Release|Any CPU
		{A48960A5-B810-4399-8560-5496F1F2AC1A}.Release|Any CPU.Build.0 = Release|Any CPU
		{81050CAC-28D0-4FB5-8919-9EA25F4ABDED}.Debug|Any CPU.ActiveCfg = Debug|Any CPU
		{81050CAC-28D0-4FB5-8919-9EA25F4ABDED}.Debug|Any CPU.Build.0 = Debug|Any CPU
		{81050CAC-28D0-4FB5-8919-9EA25F4ABDED}.Release|Any CPU.ActiveCfg = Release|Any CPU
		{81050CAC-28D0-4FB5-8919-9EA25F4ABDED}.Release|Any CPU.Build.0 = Release|Any CPU
		{4E027FFA-2108-480C-BDA1-66DC7782386C}.Debug|Any CPU.ActiveCfg = Debug|Any CPU
		{4E027FFA-2108-480C-BDA1-66DC7782386C}.Debug|Any CPU.Build.0 = Debug|Any CPU
		{4E027FFA-2108-480C-BDA1-66DC7782386C}.Release|Any CPU.ActiveCfg = Release|Any CPU
		{4E027FFA-2108-480C-BDA1-66DC7782386C}.Release|Any CPU.Build.0 = Release|Any CPU
		{4A258F57-0799-411E-8B6E-467C0EB499E0}.Debug|Any CPU.ActiveCfg = Debug|Any CPU
		{4A258F57-0799-411E-8B6E-467C0EB499E0}.Debug|Any CPU.Build.0 = Debug|Any CPU
		{4A258F57-0799-411E-8B6E-467C0EB499E0}.Release|Any CPU.ActiveCfg = Release|Any CPU
		{4A258F57-0799-411E-8B6E-467C0EB499E0}.Release|Any CPU.Build.0 = Release|Any CPU
		{834CD7BF-0EFD-41C5-9553-7D6C8554983A}.Debug|Any CPU.ActiveCfg = Debug|Any CPU
		{834CD7BF-0EFD-41C5-9553-7D6C8554983A}.Debug|Any CPU.Build.0 = Debug|Any CPU
		{834CD7BF-0EFD-41C5-9553-7D6C8554983A}.Release|Any CPU.ActiveCfg = Release|Any CPU
		{834CD7BF-0EFD-41C5-9553-7D6C8554983A}.Release|Any CPU.Build.0 = Release|Any CPU
	EndGlobalSection
	GlobalSection(SolutionProperties) = preSolution
		HideSolutionNode = FALSE
	EndGlobalSection
	GlobalSection(NestedProjects) = preSolution
		{F1EAE945-DA5D-4F35-ADF7-47FC5BB4B9B1} = {B82E46C5-1DF6-4F8F-B214-F4A01CD2CE5D}
		{3276A965-4DFD-473C-BFC5-8BD78F03774C} = {B82E46C5-1DF6-4F8F-B214-F4A01CD2CE5D}
		{99FFAA68-05CC-4C56-91C1-DD39FB3FE234} = {B82E46C5-1DF6-4F8F-B214-F4A01CD2CE5D}
		{03D5FA16-110B-4738-9BBC-DC9E932A6BB5} = {B82E46C5-1DF6-4F8F-B214-F4A01CD2CE5D}
		{54A283AF-A062-40F3-A750-E2E3FDCC1A46} = {B82E46C5-1DF6-4F8F-B214-F4A01CD2CE5D}
		{57AC77E2-D84C-43C7-A319-E7640764B3EB} = {03D5FA16-110B-4738-9BBC-DC9E932A6BB5}
		{588EE4AA-D768-48A8-8FFD-E3A87892B4AF} = {03D5FA16-110B-4738-9BBC-DC9E932A6BB5}
		{3E8B6F20-F975-48E7-AFB5-2452ABE84AE6} = {3276A965-4DFD-473C-BFC5-8BD78F03774C}
		{B7109640-7582-450E-82E0-8C83341BF526} = {3276A965-4DFD-473C-BFC5-8BD78F03774C}
		{85475B0C-14CE-468F-837D-92329CE39DC8} = {99FFAA68-05CC-4C56-91C1-DD39FB3FE234}
		{B27857E1-F303-4547-A151-F851BF6BFD75} = {99FFAA68-05CC-4C56-91C1-DD39FB3FE234}
		{DD7CEC12-3486-4964-8F79-C68790C83664} = {F1EAE945-DA5D-4F35-ADF7-47FC5BB4B9B1}
		{5A8C1A27-0EC3-43A2-A1B6-F8BB992FC441} = {F1EAE945-DA5D-4F35-ADF7-47FC5BB4B9B1}
		{CB972A6F-779F-48ED-834D-81E8493624D2} = {59344247-0EB0-4B53-AEC1-C1EC43ED360F}
		{A1EBD0E8-EA6D-4F92-A7A0-81B1FDA79AB6} = {03D5FA16-110B-4738-9BBC-DC9E932A6BB5}
		{96585F8C-CDB5-4061-8FF2-51B6B81197C3} = {3276A965-4DFD-473C-BFC5-8BD78F03774C}
		{715E07B1-F62C-48E4-A76B-846141A4BDFB} = {99FFAA68-05CC-4C56-91C1-DD39FB3FE234}
		{2B14A01E-4F54-4445-8E73-7B4ADF196EB5} = {F1EAE945-DA5D-4F35-ADF7-47FC5BB4B9B1}
		{3035B702-EC1F-43A9-9B5B-F7360CA02324} = {59344247-0EB0-4B53-AEC1-C1EC43ED360F}
		{B1379AB8-BAD4-425E-8966-3AF2EEBCE25A} = {03D5FA16-110B-4738-9BBC-DC9E932A6BB5}
		{03F947D3-0A9A-4699-B77B-979802667BEF} = {59344247-0EB0-4B53-AEC1-C1EC43ED360F}
		{BE1119A8-1AA1-4E4B-81F8-61DF0BF2C1E0} = {59344247-0EB0-4B53-AEC1-C1EC43ED360F}
		{A48960A5-B810-4399-8560-5496F1F2AC1A} = {3276A965-4DFD-473C-BFC5-8BD78F03774C}
		{81050CAC-28D0-4FB5-8919-9EA25F4ABDED} = {99FFAA68-05CC-4C56-91C1-DD39FB3FE234}
		{4E027FFA-2108-480C-BDA1-66DC7782386C} = {F1EAE945-DA5D-4F35-ADF7-47FC5BB4B9B1}
		{4A258F57-0799-411E-8B6E-467C0EB499E0} = {54A283AF-A062-40F3-A750-E2E3FDCC1A46}
		{834CD7BF-0EFD-41C5-9553-7D6C8554983A} = {54A283AF-A062-40F3-A750-E2E3FDCC1A46}
	EndGlobalSection
EndGlobal
